// !$*UTF8*$!
{
	archiveVersion = 1;
	classes = {
	};
	objectVersion = 46;
	objects = {

/* Begin PBXBuildFile section */
		D3D553611E13F76500EAADFA /* AppDelegate.swift in Sources */ = {isa = PBXBuildFile; fileRef = D3D553601E13F76500EAADFA /* AppDelegate.swift */; };
		D3D553631E13F76500EAADFA /* ViewController.swift in Sources */ = {isa = PBXBuildFile; fileRef = D3D553621E13F76500EAADFA /* ViewController.swift */; };
		D3D553681E13F76500EAADFA /* Assets.xcassets in Resources */ = {isa = PBXBuildFile; fileRef = D3D553671E13F76500EAADFA /* Assets.xcassets */; };
		D3D5536B1E13F76500EAADFA /* LaunchScreen.storyboard in Resources */ = {isa = PBXBuildFile; fileRef = D3D553691E13F76500EAADFA /* LaunchScreen.storyboard */; };
		D3D553761E13F76500EAADFA /* StationTests.swift in Sources */ = {isa = PBXBuildFile; fileRef = D3D553751E13F76500EAADFA /* StationTests.swift */; };
		D3D553811E13F76500EAADFA /* StationUITests.swift in Sources */ = {isa = PBXBuildFile; fileRef = D3D553801E13F76500EAADFA /* StationUITests.swift */; };
		D3D5538F1E13F7AB00EAADFA /* Main.storyboard in Resources */ = {isa = PBXBuildFile; fileRef = D3D5538E1E13F7AB00EAADFA /* Main.storyboard */; };
		D3D553911E13F87300EAADFA /* StationsListViewController.swift in Sources */ = {isa = PBXBuildFile; fileRef = D3D553901E13F87300EAADFA /* StationsListViewController.swift */; };
		D3D553931E13F8D800EAADFA /* stationsList.plist in Resources */ = {isa = PBXBuildFile; fileRef = D3D553921E13F8D800EAADFA /* stationsList.plist */; };
/* End PBXBuildFile section */

/* Begin PBXContainerItemProxy section */
		D3D553721E13F76500EAADFA /* PBXContainerItemProxy */ = {
			isa = PBXContainerItemProxy;
			containerPortal = D3D553551E13F76500EAADFA /* Project object */;
			proxyType = 1;
			remoteGlobalIDString = D3D5535C1E13F76500EAADFA;
			remoteInfo = Station;
		};
		D3D5537D1E13F76500EAADFA /* PBXContainerItemProxy */ = {
			isa = PBXContainerItemProxy;
			containerPortal = D3D553551E13F76500EAADFA /* Project object */;
			proxyType = 1;
			remoteGlobalIDString = D3D5535C1E13F76500EAADFA;
			remoteInfo = Station;
		};
/* End PBXContainerItemProxy section */

/* Begin PBXFileReference section */
		D3D5535D1E13F76500EAADFA /* Station.app */ = {isa = PBXFileReference; explicitFileType = wrapper.application; includeInIndex = 0; path = Station.app; sourceTree = BUILT_PRODUCTS_DIR; };
		D3D553601E13F76500EAADFA /* AppDelegate.swift */ = {isa = PBXFileReference; lastKnownFileType = sourcecode.swift; path = AppDelegate.swift; sourceTree = "<group>"; };
		D3D553621E13F76500EAADFA /* ViewController.swift */ = {isa = PBXFileReference; lastKnownFileType = sourcecode.swift; path = ViewController.swift; sourceTree = "<group>"; };
		D3D553671E13F76500EAADFA /* Assets.xcassets */ = {isa = PBXFileReference; lastKnownFileType = folder.assetcatalog; path = Assets.xcassets; sourceTree = "<group>"; };
		D3D5536A1E13F76500EAADFA /* Base */ = {isa = PBXFileReference; lastKnownFileType = file.storyboard; name = Base; path = Base.lproj/LaunchScreen.storyboard; sourceTree = "<group>"; };
		D3D5536C1E13F76500EAADFA /* Info.plist */ = {isa = PBXFileReference; lastKnownFileType = text.plist.xml; path = Info.plist; sourceTree = "<group>"; };
		D3D553711E13F76500EAADFA /* StationTests.xctest */ = {isa = PBXFileReference; explicitFileType = wrapper.cfbundle; includeInIndex = 0; path = StationTests.xctest; sourceTree = BUILT_PRODUCTS_DIR; };
		D3D553751E13F76500EAADFA /* StationTests.swift */ = {isa = PBXFileReference; lastKnownFileType = sourcecode.swift; path = StationTests.swift; sourceTree = "<group>"; };
		D3D553771E13F76500EAADFA /* Info.plist */ = {isa = PBXFileReference; lastKnownFileType = text.plist.xml; path = Info.plist; sourceTree = "<group>"; };
		D3D5537C1E13F76500EAADFA /* StationUITests.xctest */ = {isa = PBXFileReference; explicitFileType = wrapper.cfbundle; includeInIndex = 0; path = StationUITests.xctest; sourceTree = BUILT_PRODUCTS_DIR; };
		D3D553801E13F76500EAADFA /* StationUITests.swift */ = {isa = PBXFileReference; lastKnownFileType = sourcecode.swift; path = StationUITests.swift; sourceTree = "<group>"; };
		D3D553821E13F76500EAADFA /* Info.plist */ = {isa = PBXFileReference; lastKnownFileType = text.plist.xml; path = Info.plist; sourceTree = "<group>"; };
		D3D5538E1E13F7AB00EAADFA /* Main.storyboard */ = {isa = PBXFileReference; fileEncoding = 4; lastKnownFileType = file.storyboard; path = Main.storyboard; sourceTree = "<group>"; };
		D3D553901E13F87300EAADFA /* StationsListViewController.swift */ = {isa = PBXFileReference; fileEncoding = 4; lastKnownFileType = sourcecode.swift; path = StationsListViewController.swift; sourceTree = "<group>"; };
		D3D553921E13F8D800EAADFA /* stationsList.plist */ = {isa = PBXFileReference; fileEncoding = 4; lastKnownFileType = text.plist.xml; path = stationsList.plist; sourceTree = "<group>"; };
/* End PBXFileReference section */

/* Begin PBXFrameworksBuildPhase section */
		D3D5535A1E13F76500EAADFA /* Frameworks */ = {
			isa = PBXFrameworksBuildPhase;
			buildActionMask = 2147483647;
			files = (
			);
			runOnlyForDeploymentPostprocessing = 0;
		};
		D3D5536E1E13F76500EAADFA /* Frameworks */ = {
			isa = PBXFrameworksBuildPhase;
			buildActionMask = 2147483647;
			files = (
			);
			runOnlyForDeploymentPostprocessing = 0;
		};
		D3D553791E13F76500EAADFA /* Frameworks */ = {
			isa = PBXFrameworksBuildPhase;
			buildActionMask = 2147483647;
			files = (
			);
			runOnlyForDeploymentPostprocessing = 0;
		};
/* End PBXFrameworksBuildPhase section */

/* Begin PBXGroup section */
		D3D553541E13F76500EAADFA = {
			isa = PBXGroup;
			children = (
				D3D5535F1E13F76500EAADFA /* Station */,
				D3D553741E13F76500EAADFA /* StationTests */,
				D3D5537F1E13F76500EAADFA /* StationUITests */,
				D3D5535E1E13F76500EAADFA /* Products */,
			);
			sourceTree = "<group>";
		};
		D3D5535E1E13F76500EAADFA /* Products */ = {
			isa = PBXGroup;
			children = (
				D3D5535D1E13F76500EAADFA /* Station.app */,
				D3D553711E13F76500EAADFA /* StationTests.xctest */,
				D3D5537C1E13F76500EAADFA /* StationUITests.xctest */,
			);
			name = Products;
			sourceTree = "<group>";
		};
		D3D5535F1E13F76500EAADFA /* Station */ = {
			isa = PBXGroup;
			children = (
				D3D553601E13F76500EAADFA /* AppDelegate.swift */,
				D3D553621E13F76500EAADFA /* ViewController.swift */,
				D3D5538E1E13F7AB00EAADFA /* Main.storyboard */,
				D3D553671E13F76500EAADFA /* Assets.xcassets */,
				D3D553691E13F76500EAADFA /* LaunchScreen.storyboard */,
				D3D5536C1E13F76500EAADFA /* Info.plist */,
				D3D553921E13F8D800EAADFA /* stationsList.plist */,
				D3D553901E13F87300EAADFA /* StationsListViewController.swift */,
			);
			path = Station;
			sourceTree = "<group>";
		};
		D3D553741E13F76500EAADFA /* StationTests */ = {
			isa = PBXGroup;
			children = (
				D3D553751E13F76500EAADFA /* StationTests.swift */,
				D3D553771E13F76500EAADFA /* Info.plist */,
			);
			path = StationTests;
			sourceTree = "<group>";
		};
		D3D5537F1E13F76500EAADFA /* StationUITests */ = {
			isa = PBXGroup;
			children = (
				D3D553801E13F76500EAADFA /* StationUITests.swift */,
				D3D553821E13F76500EAADFA /* Info.plist */,
			);
			path = StationUITests;
			sourceTree = "<group>";
		};
/* End PBXGroup section */

/* Begin PBXNativeTarget section */
		D3D5535C1E13F76500EAADFA /* Station */ = {
			isa = PBXNativeTarget;
			buildConfigurationList = D3D553851E13F76500EAADFA /* Build configuration list for PBXNativeTarget "Station" */;
			buildPhases = (
				D3D553591E13F76500EAADFA /* Sources */,
				D3D5535A1E13F76500EAADFA /* Frameworks */,
				D3D5535B1E13F76500EAADFA /* Resources */,
			);
			buildRules = (
			);
			dependencies = (
			);
			name = Station;
			productName = Station;
			productReference = D3D5535D1E13F76500EAADFA /* Station.app */;
			productType = "com.apple.product-type.application";
		};
		D3D553701E13F76500EAADFA /* StationTests */ = {
			isa = PBXNativeTarget;
			buildConfigurationList = D3D553881E13F76500EAADFA /* Build configuration list for PBXNativeTarget "StationTests" */;
			buildPhases = (
				D3D5536D1E13F76500EAADFA /* Sources */,
				D3D5536E1E13F76500EAADFA /* Frameworks */,
				D3D5536F1E13F76500EAADFA /* Resources */,
			);
			buildRules = (
			);
			dependencies = (
				D3D553731E13F76500EAADFA /* PBXTargetDependency */,
			);
			name = StationTests;
			productName = StationTests;
			productReference = D3D553711E13F76500EAADFA /* StationTests.xctest */;
			productType = "com.apple.product-type.bundle.unit-test";
		};
		D3D5537B1E13F76500EAADFA /* StationUITests */ = {
			isa = PBXNativeTarget;
			buildConfigurationList = D3D5538B1E13F76500EAADFA /* Build configuration list for PBXNativeTarget "StationUITests" */;
			buildPhases = (
				D3D553781E13F76500EAADFA /* Sources */,
				D3D553791E13F76500EAADFA /* Frameworks */,
				D3D5537A1E13F76500EAADFA /* Resources */,
			);
			buildRules = (
			);
			dependencies = (
				D3D5537E1E13F76500EAADFA /* PBXTargetDependency */,
			);
			name = StationUITests;
			productName = StationUITests;
			productReference = D3D5537C1E13F76500EAADFA /* StationUITests.xctest */;
			productType = "com.apple.product-type.bundle.ui-testing";
		};
/* End PBXNativeTarget section */

/* Begin PBXProject section */
		D3D553551E13F76500EAADFA /* Project object */ = {
			isa = PBXProject;
			attributes = {
				LastSwiftUpdateCheck = 0800;
				LastUpgradeCheck = 0800;
				ORGANIZATIONNAME = "Laura Tsai";
				TargetAttributes = {
					D3D5535C1E13F76500EAADFA = {
						CreatedOnToolsVersion = 8.0;
						ProvisioningStyle = Automatic;
					};
					D3D553701E13F76500EAADFA = {
						CreatedOnToolsVersion = 8.0;
						ProvisioningStyle = Automatic;
						TestTargetID = D3D5535C1E13F76500EAADFA;
					};
					D3D5537B1E13F76500EAADFA = {
						CreatedOnToolsVersion = 8.0;
						ProvisioningStyle = Automatic;
						TestTargetID = D3D5535C1E13F76500EAADFA;
					};
				};
			};
			buildConfigurationList = D3D553581E13F76500EAADFA /* Build configuration list for PBXProject "Station" */;
			compatibilityVersion = "Xcode 3.2";
			developmentRegion = English;
			hasScannedForEncodings = 0;
			knownRegions = (
				en,
				Base,
			);
			mainGroup = D3D553541E13F76500EAADFA;
			productRefGroup = D3D5535E1E13F76500EAADFA /* Products */;
			projectDirPath = "";
			projectRoot = "";
			targets = (
				D3D5535C1E13F76500EAADFA /* Station */,
				D3D553701E13F76500EAADFA /* StationTests */,
				D3D5537B1E13F76500EAADFA /* StationUITests */,
			);
		};
/* End PBXProject section */

/* Begin PBXResourcesBuildPhase section */
		D3D5535B1E13F76500EAADFA /* Resources */ = {
			isa = PBXResourcesBuildPhase;
			buildActionMask = 2147483647;
			files = (
				D3D5536B1E13F76500EAADFA /* LaunchScreen.storyboard in Resources */,
				D3D553931E13F8D800EAADFA /* stationsList.plist in Resources */,
				D3D553681E13F76500EAADFA /* Assets.xcassets in Resources */,
				D3D5538F1E13F7AB00EAADFA /* Main.storyboard in Resources */,
			);
			runOnlyForDeploymentPostprocessing = 0;
		};
		D3D5536F1E13F76500EAADFA /* Resources */ = {
			isa = PBXResourcesBuildPhase;
			buildActionMask = 2147483647;
			files = (
			);
			runOnlyForDeploymentPostprocessing = 0;
		};
		D3D5537A1E13F76500EAADFA /* Resources */ = {
			isa = PBXResourcesBuildPhase;
			buildActionMask = 2147483647;
			files = (
			);
			runOnlyForDeploymentPostprocessing = 0;
		};
/* End PBXResourcesBuildPhase section */

/* Begin PBXSourcesBuildPhase section */
		D3D553591E13F76500EAADFA /* Sources */ = {
			isa = PBXSourcesBuildPhase;
			buildActionMask = 2147483647;
			files = (
				D3D553631E13F76500EAADFA /* ViewController.swift in Sources */,
				D3D553611E13F76500EAADFA /* AppDelegate.swift in Sources */,
				D3D553911E13F87300EAADFA /* StationsListViewController.swift in Sources */,
			);
			runOnlyForDeploymentPostprocessing = 0;
		};
		D3D5536D1E13F76500EAADFA /* Sources */ = {
			isa = PBXSourcesBuildPhase;
			buildActionMask = 2147483647;
			files = (
				D3D553761E13F76500EAADFA /* StationTests.swift in Sources */,
			);
			runOnlyForDeploymentPostprocessing = 0;
		};
		D3D553781E13F76500EAADFA /* Sources */ = {
			isa = PBXSourcesBuildPhase;
			buildActionMask = 2147483647;
			files = (
				D3D553811E13F76500EAADFA /* StationUITests.swift in Sources */,
			);
			runOnlyForDeploymentPostprocessing = 0;
		};
/* End PBXSourcesBuildPhase section */

/* Begin PBXTargetDependency section */
		D3D553731E13F76500EAADFA /* PBXTargetDependency */ = {
			isa = PBXTargetDependency;
			target = D3D5535C1E13F76500EAADFA /* Station */;
			targetProxy = D3D553721E13F76500EAADFA /* PBXContainerItemProxy */;
		};
		D3D5537E1E13F76500EAADFA /* PBXTargetDependency */ = {
			isa = PBXTargetDependency;
			target = D3D5535C1E13F76500EAADFA /* Station */;
			targetProxy = D3D5537D1E13F76500EAADFA /* PBXContainerItemProxy */;
		};
/* End PBXTargetDependency section */

/* Begin PBXVariantGroup section */
		D3D553691E13F76500EAADFA /* LaunchScreen.storyboard */ = {
			isa = PBXVariantGroup;
			children = (
				D3D5536A1E13F76500EAADFA /* Base */,
			);
			name = LaunchScreen.storyboard;
			sourceTree = "<group>";
		};
/* End PBXVariantGroup section */

/* Begin XCBuildConfiguration section */
		D3D553831E13F76500EAADFA /* Debug */ = {
			isa = XCBuildConfiguration;
			buildSettings = {
				ALWAYS_SEARCH_USER_PATHS = NO;
				CLANG_ANALYZER_NONNULL = YES;
				CLANG_CXX_LANGUAGE_STANDARD = "gnu++0x";
				CLANG_CXX_LIBRARY = "libc++";
				CLANG_ENABLE_MODULES = YES;
				CLANG_ENABLE_OBJC_ARC = YES;
				CLANG_WARN_BOOL_CONVERSION = YES;
				CLANG_WARN_CONSTANT_CONVERSION = YES;
				CLANG_WARN_DIRECT_OBJC_ISA_USAGE = YES_ERROR;
				CLANG_WARN_DOCUMENTATION_COMMENTS = YES;
				CLANG_WARN_EMPTY_BODY = YES;
				CLANG_WARN_ENUM_CONVERSION = YES;
				CLANG_WARN_INFINITE_RECURSION = YES;
				CLANG_WARN_INT_CONVERSION = YES;
				CLANG_WARN_OBJC_ROOT_CLASS = YES_ERROR;
				CLANG_WARN_SUSPICIOUS_MOVES = YES;
				CLANG_WARN_UNREACHABLE_CODE = YES;
				CLANG_WARN__DUPLICATE_METHOD_MATCH = YES;
				"CODE_SIGN_IDENTITY[sdk=iphoneos*]" = "iPhone Developer";
				COPY_PHASE_STRIP = NO;
				DEBUG_INFORMATION_FORMAT = dwarf;
				ENABLE_STRICT_OBJC_MSGSEND = YES;
				ENABLE_TESTABILITY = YES;
				GCC_C_LANGUAGE_STANDARD = gnu99;
				GCC_DYNAMIC_NO_PIC = NO;
				GCC_NO_COMMON_BLOCKS = YES;
				GCC_OPTIMIZATION_LEVEL = 0;
				GCC_PREPROCESSOR_DEFINITIONS = (
					"DEBUG=1",
					"$(inherited)",
				);
				GCC_WARN_64_TO_32_BIT_CONVERSION = YES;
				GCC_WARN_ABOUT_RETURN_TYPE = YES_ERROR;
				GCC_WARN_UNDECLARED_SELECTOR = YES;
				GCC_WARN_UNINITIALIZED_AUTOS = YES_AGGRESSIVE;
				GCC_WARN_UNUSED_FUNCTION = YES;
				GCC_WARN_UNUSED_VARIABLE = YES;
				IPHONEOS_DEPLOYMENT_TARGET = 10.0;
				MTL_ENABLE_DEBUG_INFO = YES;
				ONLY_ACTIVE_ARCH = YES;
				SDKROOT = iphoneos;
				SWIFT_ACTIVE_COMPILATION_CONDITIONS = DEBUG;
				SWIFT_OPTIMIZATION_LEVEL = "-Onone";
			};
			name = Debug;
		};
		D3D553841E13F76500EAADFA /* Release */ = {
			isa = XCBuildConfiguration;
			buildSettings = {
				ALWAYS_SEARCH_USER_PATHS = NO;
				CLANG_ANALYZER_NONNULL = YES;
				CLANG_CXX_LANGUAGE_STANDARD = "gnu++0x";
				CLANG_CXX_LIBRARY = "libc++";
				CLANG_ENABLE_MODULES = YES;
				CLANG_ENABLE_OBJC_ARC = YES;
				CLANG_WARN_BOOL_CONVERSION = YES;
				CLANG_WARN_CONSTANT_CONVERSION = YES;
				CLANG_WARN_DIRECT_OBJC_ISA_USAGE = YES_ERROR;
				CLANG_WARN_DOCUMENTATION_COMMENTS = YES;
				CLANG_WARN_EMPTY_BODY = YES;
				CLANG_WARN_ENUM_CONVERSION = YES;
				CLANG_WARN_INFINITE_RECURSION = YES;
				CLANG_WARN_INT_CONVERSION = YES;
				CLANG_WARN_OBJC_ROOT_CLASS = YES_ERROR;
				CLANG_WARN_SUSPICIOUS_MOVES = YES;
				CLANG_WARN_UNREACHABLE_CODE = YES;
				CLANG_WARN__DUPLICATE_METHOD_MATCH = YES;
				"CODE_SIGN_IDENTITY[sdk=iphoneos*]" = "iPhone Developer";
				COPY_PHASE_STRIP = NO;
				DEBUG_INFORMATION_FORMAT = "dwarf-with-dsym";
				ENABLE_NS_ASSERTIONS = NO;
				ENABLE_STRICT_OBJC_MSGSEND = YES;
				GCC_C_LANGUAGE_STANDARD = gnu99;
				GCC_NO_COMMON_BLOCKS = YES;
				GCC_WARN_64_TO_32_BIT_CONVERSION = YES;
				GCC_WARN_ABOUT_RETURN_TYPE = YES_ERROR;
				GCC_WARN_UNDECLARED_SELECTOR = YES;
				GCC_WARN_UNINITIALIZED_AUTOS = YES_AGGRESSIVE;
				GCC_WARN_UNUSED_FUNCTION = YES;
				GCC_WARN_UNUSED_VARIABLE = YES;
				IPHONEOS_DEPLOYMENT_TARGET = 10.0;
				MTL_ENABLE_DEBUG_INFO = NO;
				SDKROOT = iphoneos;
				SWIFT_OPTIMIZATION_LEVEL = "-Owholemodule";
				VALIDATE_PRODUCT = YES;
			};
			name = Release;
		};
		D3D553861E13F76500EAADFA /* Debug */ = {
			isa = XCBuildConfiguration;
			buildSettings = {
				ASSETCATALOG_COMPILER_APPICON_NAME = AppIcon;
				INFOPLIST_FILE = Station/Info.plist;
				LD_RUNPATH_SEARCH_PATHS = "$(inherited) @executable_path/Frameworks";
				PRODUCT_BUNDLE_IDENTIFIER = laura.Station;
				PRODUCT_NAME = "$(TARGET_NAME)";
				SWIFT_VERSION = 3.0;
			};
			name = Debug;
		};
		D3D553871E13F76500EAADFA /* Release */ = {
			isa = XCBuildConfiguration;
			buildSettings = {
				ASSETCATALOG_COMPILER_APPICON_NAME = AppIcon;
				INFOPLIST_FILE = Station/Info.plist;
				LD_RUNPATH_SEARCH_PATHS = "$(inherited) @executable_path/Frameworks";
				PRODUCT_BUNDLE_IDENTIFIER = laura.Station;
				PRODUCT_NAME = "$(TARGET_NAME)";
				SWIFT_VERSION = 3.0;
			};
			name = Release;
		};
		D3D553891E13F76500EAADFA /* Debug */ = {
			isa = XCBuildConfiguration;
			buildSettings = {
				ALWAYS_EMBED_SWIFT_STANDARD_LIBRARIES = YES;
				BUNDLE_LOADER = "$(TEST_HOST)";
				INFOPLIST_FILE = StationTests/Info.plist;
				LD_RUNPATH_SEARCH_PATHS = "$(inherited) @executable_path/Frameworks @loader_path/Frameworks";
				PRODUCT_BUNDLE_IDENTIFIER = laura.StationTests;
				PRODUCT_NAME = "$(TARGET_NAME)";
				SWIFT_VERSION = 3.0;
				TEST_HOST = "$(BUILT_PRODUCTS_DIR)/Station.app/Station";
			};
			name = Debug;
		};
		D3D5538A1E13F76500EAADFA /* Release */ = {
			isa = XCBuildConfiguration;
			buildSettings = {
				ALWAYS_EMBED_SWIFT_STANDARD_LIBRARIES = YES;
				BUNDLE_LOADER = "$(TEST_HOST)";
				INFOPLIST_FILE = StationTests/Info.plist;
				LD_RUNPATH_SEARCH_PATHS = "$(inherited) @executable_path/Frameworks @loader_path/Frameworks";
				PRODUCT_BUNDLE_IDENTIFIER = laura.StationTests;
				PRODUCT_NAME = "$(TARGET_NAME)";
				SWIFT_VERSION = 3.0;
				TEST_HOST = "$(BUILT_PRODUCTS_DIR)/Station.app/Station";
			};
			name = Release;
		};
		D3D5538C1E13F76500EAADFA /* Debug */ = {
			isa = XCBuildConfiguration;
			buildSettings = {
				ALWAYS_EMBED_SWIFT_STANDARD_LIBRARIES = YES;
				INFOPLIST_FILE = StationUITests/Info.plist;
				LD_RUNPATH_SEARCH_PATHS = "$(inherited) @executable_path/Frameworks @loader_path/Frameworks";
				PRODUCT_BUNDLE_IDENTIFIER = laura.StationUITests;
				PRODUCT_NAME = "$(TARGET_NAME)";
				SWIFT_VERSION = 3.0;
				TEST_TARGET_NAME = Station;
			};
			name = Debug;
		};
		D3D5538D1E13F76500EAADFA /* Release */ = {
			isa = XCBuildConfiguration;
			buildSettings = {
				ALWAYS_EMBED_SWIFT_STANDARD_LIBRARIES = YES;
				INFOPLIST_FILE = StationUITests/Info.plist;
				LD_RUNPATH_SEARCH_PATHS = "$(inherited) @executable_path/Frameworks @loader_path/Frameworks";
				PRODUCT_BUNDLE_IDENTIFIER = laura.StationUITests;
				PRODUCT_NAME = "$(TARGET_NAME)";
				SWIFT_VERSION = 3.0;
				TEST_TARGET_NAME = Station;
			};
			name = Release;
		};
/* End XCBuildConfiguration section */

/* Begin XCConfigurationList section */
		D3D553581E13F76500EAADFA /* Build configuration list for PBXProject "Station" */ = {
			isa = XCConfigurationList;
			buildConfigurations = (
				D3D553831E13F76500EAADFA /* Debug */,
				D3D553841E13F76500EAADFA /* Release */,
			);
			defaultConfigurationIsVisible = 0;
			defaultConfigurationName = Release;
		};
		D3D553851E13F76500EAADFA /* Build configuration list for PBXNativeTarget "Station" */ = {
			isa = XCConfigurationList;
			buildConfigurations = (
				D3D553861E13F76500EAADFA /* Debug */,
				D3D553871E13F76500EAADFA /* Release */,
			);
			defaultConfigurationIsVisible = 0;
		};
		D3D553881E13F76500EAADFA /* Build configuration list for PBXNativeTarget "StationTests" */ = {
			isa = XCConfigurationList;
			buildConfigurations = (
				D3D553891E13F76500EAADFA /* Debug */,
				D3D5538A1E13F76500EAADFA /* Release */,
			);
			defaultConfigurationIsVisible = 0;
		};
		D3D5538B1E13F76500EAADFA /* Build configuration list for PBXNativeTarget "StationUITests" */ = {
			isa = XCConfigurationList;
			buildConfigurations = (
				D3D5538C1E13F76500EAADFA /* Debug */,
				D3D5538D1E13F76500EAADFA /* Release */,
			);
			defaultConfigurationIsVisible = 0;
		};
/* End XCConfigurationList section */
	};
	rootObject = D3D553551E13F76500EAADFA /* Project object */;
}
